
Microsoft Visual Studio Solution File, Format Version 12.00
# Visual Studio 2013
VisualStudioVersion = 12.0.40629.0
MinimumVisualStudioVersion = 10.0.40219.1
Project("{FAE04EC0-301F-11D3-BF4B-00C04F79EFBC}") = "EComSiteRepository", "EComSiteRepository\EComSiteRepository.csproj", "{4646C2E6-760E-4FD2-8DA2-B2FB449F9EC8}"
EndProject
Project("{FAE04EC0-301F-11D3-BF4B-00C04F79EFBC}") = "EComSiteApplication", "EComSiteApplication\EComSiteApplication.csproj", "{739948EA-1AB5-4DD6-ABC9-C67961E39572}"
EndProject
Global
	GlobalSection(SolutionConfigurationPlatforms) = preSolution
		Debug|Any CPU = Debug|Any CPU
		Release|Any CPU = Release|Any CPU
	EndGlobalSection
	GlobalSection(ProjectConfigurationPlatforms) = postSolution
		{4646C2E6-760E-4FD2-8DA2-B2FB449F9EC8}.Debug|Any CPU.ActiveCfg = Debug|Any CPU
		{4646C2E6-760E-4FD2-8DA2-B2FB449F9EC8}.Debug|Any CPU.Build.0 = Debug|Any CPU
		{4646C2E6-760E-4FD2-8DA2-B2FB449F9EC8}.Release|Any CPU.ActiveCfg = Release|Any CPU
		{4646C2E6-760E-4FD2-8DA2-B2FB449F9EC8}.Release|Any CPU.Build.0 = Release|Any CPU
		{739948EA-1AB5-4DD6-ABC9-C67961E39572}.Debug|Any CPU.ActiveCfg = Debug|Any CPU
		{739948EA-1AB5-4DD6-ABC9-C67961E39572}.Debug|Any CPU.Build.0 = Debug|Any CPU
		{739948EA-1AB5-4DD6-ABC9-C67961E39572}.Release|Any CPU.ActiveCfg = Release|Any CPU
		{739948EA-1AB5-4DD6-ABC9-C67961E39572}.Release|Any CPU.Build.0 = Release|Any CPU
	EndGlobalSection
	GlobalSection(SolutionProperties) = preSolution
		HideSolutionNode = FALSE
	EndGlobalSection
EndGlobal
